// !$*UTF8*$!
{
	archiveVersion = 1;
	classes = {
	};
	objectVersion = 55;
	objects = {

/* Begin PBXBuildFile section */
		027C6869287CF3AC009490A1 /* AppDelegate.swift in Sources */ = {isa = PBXBuildFile; fileRef = 027C6868287CF3AC009490A1 /* AppDelegate.swift */; };
		027C686B287CF3AC009490A1 /* SceneDelegate.swift in Sources */ = {isa = PBXBuildFile; fileRef = 027C686A287CF3AC009490A1 /* SceneDelegate.swift */; };
		027C6870287CF3AC009490A1 /* Main.storyboard in Resources */ = {isa = PBXBuildFile; fileRef = 027C686E287CF3AC009490A1 /* Main.storyboard */; };
		027C6872287CF3AE009490A1 /* Assets.xcassets in Resources */ = {isa = PBXBuildFile; fileRef = 027C6871287CF3AE009490A1 /* Assets.xcassets */; };
		027C6875287CF3AE009490A1 /* LaunchScreen.storyboard in Resources */ = {isa = PBXBuildFile; fileRef = 027C6873287CF3AE009490A1 /* LaunchScreen.storyboard */; };
		027C687D287CF3DB009490A1 /* MainViewController.swift in Sources */ = {isa = PBXBuildFile; fileRef = 027C687C287CF3DB009490A1 /* MainViewController.swift */; };
		027C687F287CF4AF009490A1 /* ProgTableViewCell.swift in Sources */ = {isa = PBXBuildFile; fileRef = 027C687E287CF4AF009490A1 /* ProgTableViewCell.swift */; };
		027C6882287CF51A009490A1 /* UIViewExtension.swift in Sources */ = {isa = PBXBuildFile; fileRef = 027C6881287CF51A009490A1 /* UIViewExtension.swift */; };
		027C6884287D0446009490A1 /* NetworkManager.swift in Sources */ = {isa = PBXBuildFile; fileRef = 027C6883287D0446009490A1 /* NetworkManager.swift */; };
		027C6887287D0600009490A1 /* NetworkError.swift in Sources */ = {isa = PBXBuildFile; fileRef = 027C6886287D0600009490A1 /* NetworkError.swift */; };
/* End PBXBuildFile section */

/* Begin PBXFileReference section */
		027C6865287CF3AC009490A1 /* Fetch2.app */ = {isa = PBXFileReference; explicitFileType = wrapper.application; includeInIndex = 0; path = Fetch2.app; sourceTree = BUILT_PRODUCTS_DIR; };
		027C6868287CF3AC009490A1 /* AppDelegate.swift */ = {isa = PBXFileReference; lastKnownFileType = sourcecode.swift; path = AppDelegate.swift; sourceTree = "<group>"; };
		027C686A287CF3AC009490A1 /* SceneDelegate.swift */ = {isa = PBXFileReference; lastKnownFileType = sourcecode.swift; path = SceneDelegate.swift; sourceTree = "<group>"; };
		027C686F287CF3AC009490A1 /* Base */ = {isa = PBXFileReference; lastKnownFileType = file.storyboard; name = Base; path = Base.lproj/Main.storyboard; sourceTree = "<group>"; };
		027C6871287CF3AE009490A1 /* Assets.xcassets */ = {isa = PBXFileReference; lastKnownFileType = folder.assetcatalog; path = Assets.xcassets; sourceTree = "<group>"; };
		027C6874287CF3AE009490A1 /* Base */ = {isa = PBXFileReference; lastKnownFileType = file.storyboard; name = Base; path = Base.lproj/LaunchScreen.storyboard; sourceTree = "<group>"; };
		027C6876287CF3AE009490A1 /* Info.plist */ = {isa = PBXFileReference; lastKnownFileType = text.plist.xml; path = Info.plist; sourceTree = "<group>"; };
		027C687C287CF3DB009490A1 /* MainViewController.swift */ = {isa = PBXFileReference; lastKnownFileType = sourcecode.swift; path = MainViewController.swift; sourceTree = "<group>"; };
		027C687E287CF4AF009490A1 /* ProgTableViewCell.swift */ = {isa = PBXFileReference; lastKnownFileType = sourcecode.swift; path = ProgTableViewCell.swift; sourceTree = "<group>"; };
		027C6881287CF51A009490A1 /* UIViewExtension.swift */ = {isa = PBXFileReference; lastKnownFileType = sourcecode.swift; path = UIViewExtension.swift; sourceTree = "<group>"; };
		027C6883287D0446009490A1 /* NetworkManager.swift */ = {isa = PBXFileReference; lastKnownFileType = sourcecode.swift; path = NetworkManager.swift; sourceTree = "<group>"; };
		027C6886287D0600009490A1 /* NetworkError.swift */ = {isa = PBXFileReference; lastKnownFileType = sourcecode.swift; path = NetworkError.swift; sourceTree = "<group>"; };
/* End PBXFileReference section */

/* Begin PBXFrameworksBuildPhase section */
		027C6862287CF3AC009490A1 /* Frameworks */ = {
			isa = PBXFrameworksBuildPhase;
			buildActionMask = 2147483647;
			files = (
			);
			runOnlyForDeploymentPostprocessing = 0;
		};
/* End PBXFrameworksBuildPhase section */

/* Begin PBXGroup section */
		027C685C287CF3AB009490A1 = {
			isa = PBXGroup;
			children = (
				027C6867287CF3AC009490A1 /* Fetch2 */,
				027C6866287CF3AC009490A1 /* Products */,
			);
			sourceTree = "<group>";
		};
		027C6866287CF3AC009490A1 /* Products */ = {
			isa = PBXGroup;
			children = (
				027C6865287CF3AC009490A1 /* Fetch2.app */,
			);
			name = Products;
			sourceTree = "<group>";
		};
		027C6867287CF3AC009490A1 /* Fetch2 */ = {
			isa = PBXGroup;
			children = (
				027C6868287CF3AC009490A1 /* AppDelegate.swift */,
				027C686A287CF3AC009490A1 /* SceneDelegate.swift */,
				027C687C287CF3DB009490A1 /* MainViewController.swift */,
				027C687E287CF4AF009490A1 /* ProgTableViewCell.swift */,
				027C6885287D04D3009490A1 /* Service */,
				027C6880287CF4ED009490A1 /* Extensions */,
				027C686E287CF3AC009490A1 /* Main.storyboard */,
				027C6871287CF3AE009490A1 /* Assets.xcassets */,
				027C6873287CF3AE009490A1 /* LaunchScreen.storyboard */,
				027C6876287CF3AE009490A1 /* Info.plist */,
			);
			path = Fetch2;
			sourceTree = "<group>";
		};
		027C6880287CF4ED009490A1 /* Extensions */ = {
			isa = PBXGroup;
			children = (
				027C6881287CF51A009490A1 /* UIViewExtension.swift */,
			);
			path = Extensions;
			sourceTree = "<group>";
		};
		027C6885287D04D3009490A1 /* Service */ = {
			isa = PBXGroup;
			children = (
				027C6883287D0446009490A1 /* NetworkManager.swift */,
				027C6886287D0600009490A1 /* NetworkError.swift */,
			);
			path = Service;
			sourceTree = "<group>";
		};
/* End PBXGroup section */

/* Begin PBXNativeTarget section */
		027C6864287CF3AC009490A1 /* Fetch2 */ = {
			isa = PBXNativeTarget;
			buildConfigurationList = 027C6879287CF3AE009490A1 /* Build configuration list for PBXNativeTarget "Fetch2" */;
			buildPhases = (
				027C6861287CF3AC009490A1 /* Sources */,
				027C6862287CF3AC009490A1 /* Frameworks */,
				027C6863287CF3AC009490A1 /* Resources */,
			);
			buildRules = (
			);
			dependencies = (
			);
			name = Fetch2;
			productName = Fetch2;
			productReference = 027C6865287CF3AC009490A1 /* Fetch2.app */;
			productType = "com.apple.product-type.application";
		};
/* End PBXNativeTarget section */

/* Begin PBXProject section */
		027C685D287CF3AB009490A1 /* Project object */ = {
			isa = PBXProject;
			attributes = {
				BuildIndependentTargetsInParallel = 1;
				LastSwiftUpdateCheck = 1340;
				LastUpgradeCheck = 1340;
				TargetAttributes = {
					027C6864287CF3AC009490A1 = {
						CreatedOnToolsVersion = 13.4.1;
					};
				};
			};
			buildConfigurationList = 027C6860287CF3AB009490A1 /* Build configuration list for PBXProject "Fetch2" */;
			compatibilityVersion = "Xcode 13.0";
			developmentRegion = en;
			hasScannedForEncodings = 0;
			knownRegions = (
				en,
				Base,
			);
			mainGroup = 027C685C287CF3AB009490A1;
			productRefGroup = 027C6866287CF3AC009490A1 /* Products */;
			projectDirPath = "";
			projectRoot = "";
			targets = (
				027C6864287CF3AC009490A1 /* Fetch2 */,
			);
		};
/* End PBXProject section */

/* Begin PBXResourcesBuildPhase section */
		027C6863287CF3AC009490A1 /* Resources */ = {
			isa = PBXResourcesBuildPhase;
			buildActionMask = 2147483647;
			files = (
				027C6875287CF3AE009490A1 /* LaunchScreen.storyboard in Resources */,
				027C6872287CF3AE009490A1 /* Assets.xcassets in Resources */,
				027C6870287CF3AC009490A1 /* Main.storyboard in Resources */,
			);
			runOnlyForDeploymentPostprocessing = 0;
		};
/* End PBXResourcesBuildPhase section */

/* Begin PBXSourcesBuildPhase section */
		027C6861287CF3AC009490A1 /* Sources */ = {
			isa = PBXSourcesBuildPhase;
			buildActionMask = 2147483647;
			files = (
				027C6884287D0446009490A1 /* NetworkManager.swift in Sources */,
				027C6887287D0600009490A1 /* NetworkError.swift in Sources */,
				027C6882287CF51A009490A1 /* UIViewExtension.swift in Sources */,
				027C687F287CF4AF009490A1 /* ProgTableViewCell.swift in Sources */,
				027C6869287CF3AC009490A1 /* AppDelegate.swift in Sources */,
				027C686B287CF3AC009490A1 /* SceneDelegate.swift in Sources */,
				027C687D287CF3DB009490A1 /* MainViewController.swift in Sources */,
			);
			runOnlyForDeploymentPostprocessing = 0;
		};
/* End PBXSourcesBuildPhase section */

/* Begin PBXVariantGroup section */
		027C686E287CF3AC009490A1 /* Main.storyboard */ = {
			isa = PBXVariantGroup;
			children = (
				027C686F287CF3AC009490A1 /* Base */,
			);
			name = Main.storyboard;
			sourceTree = "<group>";
		};
		027C6873287CF3AE009490A1 /* LaunchScreen.storyboard */ = {
			isa = PBXVariantGroup;
			children = (
				027C6874287CF3AE009490A1 /* Base */,
			);
			name = LaunchScreen.storyboard;
			sourceTree = "<group>";
		};
/* End PBXVariantGroup section */

/* Begin XCBuildConfiguration section */
		027C6877287CF3AE009490A1 /* Debug */ = {
			isa = XCBuildConfiguration;
			buildSettings = {
				ALWAYS_SEARCH_USER_PATHS = NO;
				CLANG_ANALYZER_NONNULL = YES;
				CLANG_ANALYZER_NUMBER_OBJECT_CONVERSION = YES_AGGRESSIVE;
				CLANG_CXX_LANGUAGE_STANDARD = "gnu++17";
				CLANG_ENABLE_MODULES = YES;
				CLANG_ENABLE_OBJC_ARC = YES;
				CLANG_ENABLE_OBJC_WEAK = YES;
				CLANG_WARN_BLOCK_CAPTURE_AUTORELEASING = YES;
				CLANG_WARN_BOOL_CONVERSION = YES;
				CLANG_WARN_COMMA = YES;
				CLANG_WARN_CONSTANT_CONVERSION = YES;
				CLANG_WARN_DEPRECATED_OBJC_IMPLEMENTATIONS = YES;
				CLANG_WARN_DIRECT_OBJC_ISA_USAGE = YES_ERROR;
				CLANG_WARN_DOCUMENTATION_COMMENTS = YES;
				CLANG_WARN_EMPTY_BODY = YES;
				CLANG_WARN_ENUM_CONVERSION = YES;
				CLANG_WARN_INFINITE_RECURSION = YES;
				CLANG_WARN_INT_CONVERSION = YES;
				CLANG_WARN_NON_LITERAL_NULL_CONVERSION = YES;
				CLANG_WARN_OBJC_IMPLICIT_RETAIN_SELF = YES;
				CLANG_WARN_OBJC_LITERAL_CONVERSION = YES;
				CLANG_WARN_OBJC_ROOT_CLASS = YES_ERROR;
				CLANG_WARN_QUOTED_INCLUDE_IN_FRAMEWORK_HEADER = YES;
				CLANG_WARN_RANGE_LOOP_ANALYSIS = YES;
				CLANG_WARN_STRICT_PROTOTYPES = YES;
				CLANG_WARN_SUSPICIOUS_MOVE = YES;
				CLANG_WARN_UNGUARDED_AVAILABILITY = YES_AGGRESSIVE;
				CLANG_WARN_UNREACHABLE_CODE = YES;
				CLANG_WARN__DUPLICATE_METHOD_MATCH = YES;
				COPY_PHASE_STRIP = NO;
				DEBUG_INFORMATION_FORMAT = dwarf;
				ENABLE_STRICT_OBJC_MSGSEND = YES;
				ENABLE_TESTABILITY = YES;
				GCC_C_LANGUAGE_STANDARD = gnu11;
				GCC_DYNAMIC_NO_PIC = NO;
				GCC_NO_COMMON_BLOCKS = YES;
				GCC_OPTIMIZATION_LEVEL = 0;
				GCC_PREPROCESSOR_DEFINITIONS = (
					"DEBUG=1",
					"$(inherited)",
				);
				GCC_WARN_64_TO_32_BIT_CONVERSION = YES;
				GCC_WARN_ABOUT_RETURN_TYPE = YES_ERROR;
				GCC_WARN_UNDECLARED_SELECTOR = YES;
				GCC_WARN_UNINITIALIZED_AUTOS = YES_AGGRESSIVE;
				GCC_WARN_UNUSED_FUNCTION = YES;
				GCC_WARN_UNUSED_VARIABLE = YES;
				IPHONEOS_DEPLOYMENT_TARGET = 15.5;
				MTL_ENABLE_DEBUG_INFO = INCLUDE_SOURCE;
				MTL_FAST_MATH = YES;
				ONLY_ACTIVE_ARCH = YES;
				SDKROOT = iphoneos;
				SWIFT_ACTIVE_COMPILATION_CONDITIONS = DEBUG;
				SWIFT_OPTIMIZATION_LEVEL = "-Onone";
			};
			name = Debug;
		};
		027C6878287CF3AE009490A1 /* Release */ = {
			isa = XCBuildConfiguration;
			buildSettings = {
				ALWAYS_SEARCH_USER_PATHS = NO;
				CLANG_ANALYZER_NONNULL = YES;
				CLANG_ANALYZER_NUMBER_OBJECT_CONVERSION = YES_AGGRESSIVE;
				CLANG_CXX_LANGUAGE_STANDARD = "gnu++17";
				CLANG_ENABLE_MODULES = YES;
				CLANG_ENABLE_OBJC_ARC = YES;
				CLANG_ENABLE_OBJC_WEAK = YES;
				CLANG_WARN_BLOCK_CAPTURE_AUTORELEASING = YES;
				CLANG_WARN_BOOL_CONVERSION = YES;
				CLANG_WARN_COMMA = YES;
				CLANG_WARN_CONSTANT_CONVERSION = YES;
				CLANG_WARN_DEPRECATED_OBJC_IMPLEMENTATIONS = YES;
				CLANG_WARN_DIRECT_OBJC_ISA_USAGE = YES_ERROR;
				CLANG_WARN_DOCUMENTATION_COMMENTS = YES;
				CLANG_WARN_EMPTY_BODY = YES;
				CLANG_WARN_ENUM_CONVERSION = YES;
				CLANG_WARN_INFINITE_RECURSION = YES;
				CLANG_WARN_INT_CONVERSION = YES;
				CLANG_WARN_NON_LITERAL_NULL_CONVERSION = YES;
				CLANG_WARN_OBJC_IMPLICIT_RETAIN_SELF = YES;
				CLANG_WARN_OBJC_LITERAL_CONVERSION = YES;
				CLANG_WARN_OBJC_ROOT_CLASS = YES_ERROR;
				CLANG_WARN_QUOTED_INCLUDE_IN_FRAMEWORK_HEADER = YES;
				CLANG_WARN_RANGE_LOOP_ANALYSIS = YES;
				CLANG_WARN_STRICT_PROTOTYPES = YES;
				CLANG_WARN_SUSPICIOUS_MOVE = YES;
				CLANG_WARN_UNGUARDED_AVAILABILITY = YES_AGGRESSIVE;
				CLANG_WARN_UNREACHABLE_CODE = YES;
				CLANG_WARN__DUPLICATE_METHOD_MATCH = YES;
				COPY_PHASE_STRIP = NO;
				DEBUG_INFORMATION_FORMAT = "dwarf-with-dsym";
				ENABLE_NS_ASSERTIONS = NO;
				ENABLE_STRICT_OBJC_MSGSEND = YES;
				GCC_C_LANGUAGE_STANDARD = gnu11;
				GCC_NO_COMMON_BLOCKS = YES;
				GCC_WARN_64_TO_32_BIT_CONVERSION = YES;
				GCC_WARN_ABOUT_RETURN_TYPE = YES_ERROR;
				GCC_WARN_UNDECLARED_SELECTOR = YES;
				GCC_WARN_UNINITIALIZED_AUTOS = YES_AGGRESSIVE;
				GCC_WARN_UNUSED_FUNCTION = YES;
				GCC_WARN_UNUSED_VARIABLE = YES;
				IPHONEOS_DEPLOYMENT_TARGET = 15.5;
				MTL_ENABLE_DEBUG_INFO = NO;
				MTL_FAST_MATH = YES;
				SDKROOT = iphoneos;
				SWIFT_COMPILATION_MODE = wholemodule;
				SWIFT_OPTIMIZATION_LEVEL = "-O";
				VALIDATE_PRODUCT = YES;
			};
			name = Release;
		};
		027C687A287CF3AE009490A1 /* Debug */ = {
			isa = XCBuildConfiguration;
			buildSettings = {
				ASSETCATALOG_COMPILER_APPICON_NAME = AppIcon;
				ASSETCATALOG_COMPILER_GLOBAL_ACCENT_COLOR_NAME = AccentColor;
				CODE_SIGN_STYLE = Automatic;
				CURRENT_PROJECT_VERSION = 1;
				GENERATE_INFOPLIST_FILE = YES;
				INFOPLIST_FILE = Fetch2/Info.plist;
				INFOPLIST_KEY_UIApplicationSupportsIndirectInputEvents = YES;
				INFOPLIST_KEY_UILaunchStoryboardName = LaunchScreen;
				INFOPLIST_KEY_UIMainStoryboardFile = Main;
				INFOPLIST_KEY_UISupportedInterfaceOrientations_iPad = "UIInterfaceOrientationPortrait UIInterfaceOrientationPortraitUpsideDown UIInterfaceOrientationLandscapeLeft UIInterfaceOrientationLandscapeRight";
				INFOPLIST_KEY_UISupportedInterfaceOrientations_iPhone = "UIInterfaceOrientationPortrait UIInterfaceOrientationLandscapeLeft UIInterfaceOrientationLandscapeRight";
				LD_RUNPATH_SEARCH_PATHS = (
					"$(inherited)",
					"@executable_path/Frameworks",
				);
				MARKETING_VERSION = 1.0;
				PRODUCT_BUNDLE_IDENTIFIER = "-stSwiftApp.Fetch2";
				PRODUCT_NAME = "$(TARGET_NAME)";
				SWIFT_EMIT_LOC_STRINGS = YES;
				SWIFT_VERSION = 5.0;
				TARGETED_DEVICE_FAMILY = "1,2";
			};
			name = Debug;
		};
		027C687B287CF3AE009490A1 /* Release */ = {
			isa = XCBuildConfiguration;
			buildSettings = {
				ASSETCATALOG_COMPILER_APPICON_NAME = AppIcon;
				ASSETCATALOG_COMPILER_GLOBAL_ACCENT_COLOR_NAME = AccentColor;
				CODE_SIGN_STYLE = Automatic;
				CURRENT_PROJECT_VERSION = 1;
				GENERATE_INFOPLIST_FILE = YES;
				INFOPLIST_FILE = Fetch2/Info.plist;
				INFOPLIST_KEY_UIApplicationSupportsIndirectInputEvents = YES;
				INFOPLIST_KEY_UILaunchStoryboardName = LaunchScreen;
				INFOPLIST_KEY_UIMainStoryboardFile = Main;
				INFOPLIST_KEY_UISupportedInterfaceOrientations_iPad = "UIInterfaceOrientationPortrait UIInterfaceOrientationPortraitUpsideDown UIInterfaceOrientationLandscapeLeft UIInterfaceOrientationLandscapeRight";
				INFOPLIST_KEY_UISupportedInterfaceOrientations_iPhone = "UIInterfaceOrientationPortrait UIInterfaceOrientationLandscapeLeft UIInterfaceOrientationLandscapeRight";
				LD_RUNPATH_SEARCH_PATHS = (
					"$(inherited)",
					"@executable_path/Frameworks",
				);
				MARKETING_VERSION = 1.0;
				PRODUCT_BUNDLE_IDENTIFIER = "-stSwiftApp.Fetch2";
				PRODUCT_NAME = "$(TARGET_NAME)";
				SWIFT_EMIT_LOC_STRINGS = YES;
				SWIFT_VERSION = 5.0;
				TARGETED_DEVICE_FAMILY = "1,2";
			};
			name = Release;
		};
/* End XCBuildConfiguration section */

/* Begin XCConfigurationList section */
		027C6860287CF3AB009490A1 /* Build configuration list for PBXProject "Fetch2" */ = {
			isa = XCConfigurationList;
			buildConfigurations = (
				027C6877287CF3AE009490A1 /* Debug */,
				027C6878287CF3AE009490A1 /* Release */,
			);
			defaultConfigurationIsVisible = 0;
			defaultConfigurationName = Release;
		};
		027C6879287CF3AE009490A1 /* Build configuration list for PBXNativeTarget "Fetch2" */ = {
			isa = XCConfigurationList;
			buildConfigurations = (
				027C687A287CF3AE009490A1 /* Debug */,
				027C687B287CF3AE009490A1 /* Release */,
			);
			defaultConfigurationIsVisible = 0;
			defaultConfigurationName = Release;
		};
/* End XCConfigurationList section */
	};
	rootObject = 027C685D287CF3AB009490A1 /* Project object */;
}
